Microsoft Visual Studio Solution File, Format Version 11.00
# Visual Studio 2008

Project("{B1F8B322-B10C-AEC9-B62C-CBB2E786CD2E}") = "FpsGame", "Assembly-CSharp.csproj", "{50AC48BD-9BB8-B4EF-1D51-952244BD3F8F}"
EndProject
Global
	GlobalSection(SolutionConfigurationPlatforms) = preSolution
		Debug|Any CPU = Debug|Any CPU
		Release|Any CPU = Release|Any CPU
	EndGlobalSection
	GlobalSection(ProjectConfigurationPlatforms) = postSolution
		{50AC48BD-9BB8-B4EF-1D51-952244BD3F8F}.Debug|Any CPU.ActiveCfg = Debug|Any CPU
		{50AC48BD-9BB8-B4EF-1D51-952244BD3F8F}.Debug|Any CPU.Build.0 = Debug|Any CPU
		{50AC48BD-9BB8-B4EF-1D51-952244BD3F8F}.Release|Any CPU.ActiveCfg = Release|Any CPU
		{50AC48BD-9BB8-B4EF-1D51-952244BD3F8F}.Release|Any CPU.Build.0 = Release|Any CPU
	EndGlobalSection
	GlobalSection(SolutionProperties) = preSolution
		HideSolutionNode = FALSE
	EndGlobalSection
	GlobalSection(MonoDevelopProperties) = preSolution
		StartupItem = Assembly-CSharp.csproj
	EndGlobalSection
EndGlobal
